
Microsoft Visual Studio Solution File, Format Version 12.00
# Visual Studio Version 17
VisualStudioVersion = 17.7.34009.444
MinimumVisualStudioVersion = 10.0.40219.1
Project("{FAE04EC0-301F-11D3-BF4B-00C04F79EFBC}") = "_01_MainSubjects", "_01_MainSubjects\_01_MainSubjects.csproj", "{EC52027A-152C-4915-BB92-6167A37C583B}"
EndProject
Project("{FAE04EC0-301F-11D3-BF4B-00C04F79EFBC}") = "_02_Variables", "_02_Variables\_02_Variables.csproj", "{1EA7B90A-B5EA-4091-AFD0-9DBE80DCE7FE}"
EndProject
Global
	GlobalSection(SolutionConfigurationPlatforms) = preSolution
		Debug|Any CPU = Debug|Any CPU
		Release|Any CPU = Release|Any CPU
	EndGlobalSection
	GlobalSection(ProjectConfigurationPlatforms) = postSolution
		{EC52027A-152C-4915-BB92-6167A37C583B}.Debug|Any CPU.ActiveCfg = Debug|Any CPU
		{EC52027A-152C-4915-BB92-6167A37C583B}.Debug|Any CPU.Build.0 = Debug|Any CPU
		{EC52027A-152C-4915-BB92-6167A37C583B}.Release|Any CPU.ActiveCfg = Release|Any CPU
		{EC52027A-152C-4915-BB92-6167A37C583B}.Release|Any CPU.Build.0 = Release|Any CPU
		{1EA7B90A-B5EA-4091-AFD0-9DBE80DCE7FE}.Debug|Any CPU.ActiveCfg = Debug|Any CPU
		{1EA7B90A-B5EA-4091-AFD0-9DBE80DCE7FE}.Debug|Any CPU.Build.0 = Debug|Any CPU
		{1EA7B90A-B5EA-4091-AFD0-9DBE80DCE7FE}.Release|Any CPU.ActiveCfg = Release|Any CPU
		{1EA7B90A-B5EA-4091-AFD0-9DBE80DCE7FE}.Release|Any CPU.Build.0 = Release|Any CPU
	EndGlobalSection
	GlobalSection(SolutionProperties) = preSolution
		HideSolutionNode = FALSE
	EndGlobalSection
	GlobalSection(ExtensibilityGlobals) = postSolution
		SolutionGuid = {E1CD7D6B-BECB-491C-A2FD-8B1C45881BEB}
	EndGlobalSection
EndGlobal
